{
    "_readme": [
        "This file locks the dependencies of your project to a known state",
        "Read more about it at https://getcomposer.org/doc/01-basic-usage.md#composer-lock-the-lock-file",
        "This file is @generated automatically"
    ],
    "content-hash": "8ce4448df704bd0e8b545307dedde41b",
    "packages": [
        {
            "name": "ezyang/htmlpurifier",
            "version": "v4.9.3",
            "source": {
                "type": "git",
                "url": "https://github.com/ezyang/htmlpurifier.git",
                "reference": "95e1bae3182efc0f3422896a3236e991049dac69"
            },
            "dist": {
                "type": "zip",
                "url": "https://api.github.com/repos/ezyang/htmlpurifier/zipball/95e1bae3182efc0f3422896a3236e991049dac69",
                "reference": "95e1bae3182efc0f3422896a3236e991049dac69",
                "shasum": ""
            },
            "require": {
                "php": ">=5.2"
            },
            "require-dev": {
                "simpletest/simpletest": "^1.1"
            },
            "type": "library",
            "autoload": {
                "psr-0": {
                    "HTMLPurifier": "library/"
                },
                "files": [
                    "library/HTMLPurifier.composer.php"
                ]
            },
            "notification-url": "https://packagist.org/downloads/",
            "license": [
                "LGPL"
            ],
            "authors": [
                {
                    "name": "Edward Z. Yang",
                    "email": "admin@htmlpurifier.org",
                    "homepage": "http://ezyang.com"
                }
            ],
            "description": "Standards compliant HTML filter written in PHP",
            "homepage": "http://htmlpurifier.org/",
            "keywords": [
                "html"
            ],
            "time": "2017-06-03T02:28:16+00:00"
        },
        {
            "name": "html2text/html2text",
            "version": "4.1.0",
            "source": {
                "type": "git",
                "url": "https://github.com/mtibben/html2text.git",
                "reference": "bf613dc8d3389d70c891cd847954346acab16574"
            },
            "dist": {
                "type": "zip",
                "url": "https://api.github.com/repos/mtibben/html2text/zipball/bf613dc8d3389d70c891cd847954346acab16574",
                "reference": "bf613dc8d3389d70c891cd847954346acab16574",
                "shasum": ""
            },
            "require-dev": {
                "phpunit/phpunit": "~4"
            },
            "suggest": {
                "ext-mbstring": "For best performance",
                "symfony/polyfill-mbstring": "If you can't install ext-mbstring"
            },
            "type": "library",
            "autoload": {
                "psr-4": {
                    "Html2Text\\": [
                        "src/",
                        "test/"
                    ]
                }
            },
            "notification-url": "https://packagist.org/downloads/",
            "license": [
                "GPLv2"
            ],
            "description": "Converts HTML to formatted plain text",
            "time": "2017-05-15T01:50:59+00:00"
        },
        {
            "name": "michelf/php-markdown",
            "version": "1.8.0",
            "source": {
                "type": "git",
                "url": "https://github.com/michelf/php-markdown.git",
                "reference": "01ab082b355bf188d907b9929cd99b2923053495"
            },
            "dist": {
                "type": "zip",
                "url": "https://api.github.com/repos/michelf/php-markdown/zipball/01ab082b355bf188d907b9929cd99b2923053495",
                "reference": "01ab082b355bf188d907b9929cd99b2923053495",
                "shasum": ""
            },
            "require": {
                "php": ">=5.3.0"
            },
            "type": "library",
            "autoload": {
                "psr-4": {
                    "Michelf\\": "Michelf/"
                }
            },
            "notification-url": "https://packagist.org/downloads/",
            "license": [
                "BSD-3-Clause"
            ],
            "authors": [
                {
                    "name": "Michel Fortin",
                    "email": "michel.fortin@michelf.ca",
                    "homepage": "https://michelf.ca/",
                    "role": "Developer"
                },
                {
                    "name": "John Gruber",
                    "homepage": "https://daringfireball.net/"
                }
            ],
            "description": "PHP Markdown",
            "homepage": "https://michelf.ca/projects/php-markdown/",
            "keywords": [
                "markdown"
            ],
            "time": "2018-01-15T00:49:33+00:00"
        },
        {
            "name": "picnat/clicnatcore",
            "version": "dev-master",
            "source": {
                "type": "git",
                "url": "https://github.com/picardie-nature/clicnat-core.git",
                "reference": "70799fd81c5ef02feabd9f2b01e5c2e37781926f"
            },
            "dist": {
                "type": "zip",
                "url": "https://api.github.com/repos/picardie-nature/clicnat-core/zipball/70799fd81c5ef02feabd9f2b01e5c2e37781926f",
                "reference": "70799fd81c5ef02feabd9f2b01e5c2e37781926f",
                "shasum": ""
            },
            "require": {
                "ezyang/htmlpurifier": "^4.9",
                "html2text/html2text": "^4.1",
                "michelf/php-markdown": "^1.7",
                "roderik/pwgen-php": "^0.1.7",
                "smarty/smarty": "^3.1",
                "symfony/polyfill-mbstring": "^1.6"
            },
            "require-dev": {
                "phpunit/phpunit": "^6.5"
            },
            "type": "library",
            "autoload": {
                "psr-4": {
                    "": "src/"
                },
                "files": [
                    "src/Picnat/Clicnat/defines.php",
                    "src/Picnat/Clicnat/helpers.php",
                    "src/Picnat/Clicnat/helpers_carto.php"
                ]
            },
            "description": "clicnat core lib",
            "support": {
                "source": "https://github.com/picardie-nature/clicnat-core/tree/master",
                "issues": "https://github.com/picardie-nature/clicnat-core/issues"
            },
            "time": "2018-02-04 07:57:56"
        },
        {
            "name": "proj4php/proj4php",
            "version": "2.0.9",
            "source": {
                "type": "git",
                "url": "https://github.com/proj4php/proj4php.git",
                "reference": "bfbac92300cfdca7606f19afb3f401431320e5ce"
            },
            "dist": {
                "type": "zip",
                "url": "https://api.github.com/repos/proj4php/proj4php/zipball/bfbac92300cfdca7606f19afb3f401431320e5ce",
                "reference": "bfbac92300cfdca7606f19afb3f401431320e5ce",
                "shasum": ""
            },
            "require": {
                "php": ">=5.4.0"
            },
            "require-dev": {
                "phpunit/phpunit": "4.0.*"
            },
            "type": "library",
            "autoload": {
                "psr-4": {
                    "proj4php\\": "src/"
                }
            },
            "notification-url": "https://packagist.org/downloads/",
            "license": [
                "LGPL-2.1"
            ],
            "authors": [
                {
                    "name": "Jason Judge",
                    "email": "jason.judge@academe.co.uk",
                    "homepage": "http://academe.co.uk",
                    "role": "Developer"
                },
                {
                    "name": "julien2512",
                    "email": "moquet.julien@gmail.com",
                    "homepage": "https://github.com/julien2512",
                    "role": "Developer"
                },
                {
                    "name": "Nick Blackwell",
                    "email": "nickblackwell82@gmail.com",
                    "homepage": "https://people.ok.ubc.ca/nblackwe",
                    "role": "Developer"
                }
            ],
            "description": "A PHP-Class for geographic coordinates transformation using proj4 definitions, thanks to a translation from Proj4JS",
            "homepage": "https://github.com/proj4php/proj4php",
            "keywords": [
                "coordinates",
                "geographic",
                "proj4",
                "proj4js"
            ],
            "time": "2017-05-03T20:02:09+00:00"
        },
        {
            "name": "roderik/pwgen-php",
            "version": "0.1.7",
            "source": {
                "type": "git",
                "url": "https://github.com/roderik/pwgen-php.git",
                "reference": "dc432897665cfe258a1d08f0eac1784bc04f0f08"
            },
            "dist": {
                "type": "zip",
                "url": "https://api.github.com/repos/roderik/pwgen-php/zipball/dc432897665cfe258a1d08f0eac1784bc04f0f08",
                "reference": "dc432897665cfe258a1d08f0eac1784bc04f0f08",
                "shasum": ""
            },
            "require": {
                "php": ">=5.3.3"
            },
            "type": "library",
            "autoload": {
                "psr-0": {
                    "PWGen": ""
                }
            },
            "notification-url": "https://packagist.org/downloads/",
            "license": [
                "GPL"
            ],
            "authors": [
                {
                    "name": "Theodore Ts'o",
                    "email": "tytso@alum.mit.edu"
                },
                {
                    "name": "Superwayne",
                    "email": "superwayne@superwayne.org"
                }
            ],
            "description": "pwgen-php is a simple PHP class which aims to clone the GNU pwgen functionality.",
            "keywords": [
                "generator",
                "password"
            ],
            "time": "2017-08-15T07:59:33+00:00"
        },
        {
            "name": "smarty/smarty",
            "version": "v3.1.31",
            "source": {
                "type": "git",
                "url": "https://github.com/smarty-php/smarty.git",
                "reference": "c7d42e4a327c402897dd587871434888fde1e7a9"
            },
            "dist": {
                "type": "zip",
                "url": "https://api.github.com/repos/smarty-php/smarty/zipball/c7d42e4a327c402897dd587871434888fde1e7a9",
                "reference": "c7d42e4a327c402897dd587871434888fde1e7a9",
                "shasum": ""
            },
            "require": {
                "php": ">=5.2"
            },
            "type": "library",
            "extra": {
                "branch-alias": {
                    "dev-master": "3.1.x-dev"
                }
            },
            "autoload": {
                "files": [
                    "libs/bootstrap.php"
                ]
            },
            "notification-url": "https://packagist.org/downloads/",
            "license": [
                "LGPL-3.0"
            ],
            "authors": [
                {
                    "name": "Monte Ohrt",
                    "email": "monte@ohrt.com"
                },
                {
                    "name": "Uwe Tews",
                    "email": "uwe.tews@googlemail.com"
                },
                {
                    "name": "Rodney Rehm",
                    "email": "rodney.rehm@medialize.de"
                }
            ],
            "description": "Smarty - the compiling PHP template engine",
            "homepage": "http://www.smarty.net",
            "keywords": [
                "templating"
            ],
            "time": "2016-12-14T21:57:25+00:00"
        },
        {
            "name": "symfony/polyfill-mbstring",
            "version": "v1.7.0",
            "source": {
                "type": "git",
                "url": "https://github.com/symfony/polyfill-mbstring.git",
                "reference": "78be803ce01e55d3491c1397cf1c64beb9c1b63b"
            },
            "dist": {
                "type": "zip",
                "url": "https://api.github.com/repos/symfony/polyfill-mbstring/zipball/78be803ce01e55d3491c1397cf1c64beb9c1b63b",
                "reference": "78be803ce01e55d3491c1397cf1c64beb9c1b63b",
                "shasum": ""
            },
            "require": {
                "php": ">=5.3.3"
            },
            "suggest": {
                "ext-mbstring": "For best performance"
            },
            "type": "library",
            "extra": {
                "branch-alias": {
                    "dev-master": "1.7-dev"
                }
            },
            "autoload": {
                "psr-4": {
                    "Symfony\\Polyfill\\Mbstring\\": ""
                },
                "files": [
                    "bootstrap.php"
                ]
            },
            "notification-url": "https://packagist.org/downloads/",
            "license": [
                "MIT"
            ],
            "authors": [
                {
                    "name": "Nicolas Grekas",
                    "email": "p@tchwork.com"
                },
                {
                    "name": "Symfony Community",
                    "homepage": "https://symfony.com/contributors"
                }
            ],
            "description": "Symfony polyfill for the Mbstring extension",
            "homepage": "https://symfony.com",
            "keywords": [
                "compatibility",
                "mbstring",
                "polyfill",
                "portable",
                "shim"
            ],
            "time": "2018-01-30T19:27:44+00:00"
        }
    ],
    "packages-dev": [],
    "aliases": [],
    "minimum-stability": "stable",
    "stability-flags": {
        "picnat/clicnatcore": 20
    },
    "prefer-stable": false,
    "prefer-lowest": false,
    "platform": [],
    "platform-dev": []
}
